
Microsoft Visual Studio Solution File, Format Version 12.00
# Visual Studio 2012
Project("{FAE04EC0-301F-11D3-BF4B-00C04F79EFBC}") = "Kodefu", "Kodefu\Kodefu.csproj", "{7717D631-4CD2-4B24-91F0-6E863659B571}"
EndProject
Project("{FAE04EC0-301F-11D3-BF4B-00C04F79EFBC}") = "Kodefu.Tests", "Kodefu.Tests\Kodefu.Tests.csproj", "{61509924-FE57-411E-88A2-BC53AF01613E}"
EndProject
Project("{FAE04EC0-301F-11D3-BF4B-00C04F79EFBC}") = "Kodefu.Specifications", "Kodefu.Specifications\Kodefu.Specifications.csproj", "{19701D2C-37AE-4923-AF02-0C9F30A03CCC}"
EndProject
Project("{FAE04EC0-301F-11D3-BF4B-00C04F79EFBC}") = "Kodefu.Physics", "Kodefu.Physics\Kodefu.Physics.csproj", "{16DB1446-69E0-4336-9E53-28FF86F932FC}"
EndProject
Project("{FAE04EC0-301F-11D3-BF4B-00C04F79EFBC}") = "Kodefu.Architecture", "Kodefu.Architecture\Kodefu.Architecture.csproj", "{07FF2DF2-BDFC-4758-BB12-68787F44AE16}"
EndProject
Project("{FAE04EC0-301F-11D3-BF4B-00C04F79EFBC}") = "Kodefu.Wpf", "Kodefu.Wpf\Kodefu.Wpf.csproj", "{1CC02D20-2AEA-4AC3-BFAB-0AE52F5ED783}"
EndProject
Project("{FAE04EC0-301F-11D3-BF4B-00C04F79EFBC}") = "Kodefu.Web.Mvc", "Kodefu.Web.Mvc\Kodefu.Web.Mvc.csproj", "{8B8B97EF-2725-4538-9A4E-0E54E91489C9}"
EndProject
Global
	GlobalSection(SolutionConfigurationPlatforms) = preSolution
		Debug|Any CPU = Debug|Any CPU
		Release|Any CPU = Release|Any CPU
	EndGlobalSection
	GlobalSection(ProjectConfigurationPlatforms) = postSolution
		{7717D631-4CD2-4B24-91F0-6E863659B571}.Debug|Any CPU.ActiveCfg = Debug|Any CPU
		{7717D631-4CD2-4B24-91F0-6E863659B571}.Debug|Any CPU.Build.0 = Debug|Any CPU
		{7717D631-4CD2-4B24-91F0-6E863659B571}.Release|Any CPU.ActiveCfg = Release|Any CPU
		{7717D631-4CD2-4B24-91F0-6E863659B571}.Release|Any CPU.Build.0 = Release|Any CPU
		{61509924-FE57-411E-88A2-BC53AF01613E}.Debug|Any CPU.ActiveCfg = Debug|Any CPU
		{61509924-FE57-411E-88A2-BC53AF01613E}.Debug|Any CPU.Build.0 = Debug|Any CPU
		{61509924-FE57-411E-88A2-BC53AF01613E}.Release|Any CPU.ActiveCfg = Release|Any CPU
		{61509924-FE57-411E-88A2-BC53AF01613E}.Release|Any CPU.Build.0 = Release|Any CPU
		{19701D2C-37AE-4923-AF02-0C9F30A03CCC}.Debug|Any CPU.ActiveCfg = Debug|Any CPU
		{19701D2C-37AE-4923-AF02-0C9F30A03CCC}.Debug|Any CPU.Build.0 = Debug|Any CPU
		{19701D2C-37AE-4923-AF02-0C9F30A03CCC}.Release|Any CPU.ActiveCfg = Release|Any CPU
		{19701D2C-37AE-4923-AF02-0C9F30A03CCC}.Release|Any CPU.Build.0 = Release|Any CPU
		{16DB1446-69E0-4336-9E53-28FF86F932FC}.Debug|Any CPU.ActiveCfg = Debug|Any CPU
		{16DB1446-69E0-4336-9E53-28FF86F932FC}.Debug|Any CPU.Build.0 = Debug|Any CPU
		{16DB1446-69E0-4336-9E53-28FF86F932FC}.Release|Any CPU.ActiveCfg = Release|Any CPU
		{16DB1446-69E0-4336-9E53-28FF86F932FC}.Release|Any CPU.Build.0 = Release|Any CPU
		{07FF2DF2-BDFC-4758-BB12-68787F44AE16}.Debug|Any CPU.ActiveCfg = Debug|Any CPU
		{07FF2DF2-BDFC-4758-BB12-68787F44AE16}.Debug|Any CPU.Build.0 = Debug|Any CPU
		{07FF2DF2-BDFC-4758-BB12-68787F44AE16}.Release|Any CPU.ActiveCfg = Release|Any CPU
		{07FF2DF2-BDFC-4758-BB12-68787F44AE16}.Release|Any CPU.Build.0 = Release|Any CPU
		{1CC02D20-2AEA-4AC3-BFAB-0AE52F5ED783}.Debug|Any CPU.ActiveCfg = Debug|Any CPU
		{1CC02D20-2AEA-4AC3-BFAB-0AE52F5ED783}.Debug|Any CPU.Build.0 = Debug|Any CPU
		{1CC02D20-2AEA-4AC3-BFAB-0AE52F5ED783}.Release|Any CPU.ActiveCfg = Release|Any CPU
		{1CC02D20-2AEA-4AC3-BFAB-0AE52F5ED783}.Release|Any CPU.Build.0 = Release|Any CPU
		{8B8B97EF-2725-4538-9A4E-0E54E91489C9}.Debug|Any CPU.ActiveCfg = Debug|Any CPU
		{8B8B97EF-2725-4538-9A4E-0E54E91489C9}.Debug|Any CPU.Build.0 = Debug|Any CPU
		{8B8B97EF-2725-4538-9A4E-0E54E91489C9}.Release|Any CPU.ActiveCfg = Release|Any CPU
		{8B8B97EF-2725-4538-9A4E-0E54E91489C9}.Release|Any CPU.Build.0 = Release|Any CPU
	EndGlobalSection
	GlobalSection(SolutionProperties) = preSolution
		HideSolutionNode = FALSE
	EndGlobalSection
EndGlobal
